
Microsoft Visual Studio Solution File, Format Version 12.00
# Visual Studio Version 16
VisualStudioVersion = 16.0.30907.101
MinimumVisualStudioVersion = 10.0.40219.1
Project("{9A19103F-16F7-4668-BE54-9A1E7A4F7556}") = "TP1.Console", "TP1.demo\TP1.Console.csproj", "{0A0DFF8E-AABB-4B55-A190-3A098FD2D8FD}"
EndProject
Project("{9A19103F-16F7-4668-BE54-9A1E7A4F7556}") = "TP1.library", "TP1.library\TP1.library.csproj", "{9E0BB82F-8C22-4432-B157-19CA4C024764}"
EndProject
Global
	GlobalSection(SolutionConfigurationPlatforms) = preSolution
		Debug|Any CPU = Debug|Any CPU
		Release|Any CPU = Release|Any CPU
	EndGlobalSection
	GlobalSection(ProjectConfigurationPlatforms) = postSolution
		{0A0DFF8E-AABB-4B55-A190-3A098FD2D8FD}.Debug|Any CPU.ActiveCfg = Debug|Any CPU
		{0A0DFF8E-AABB-4B55-A190-3A098FD2D8FD}.Debug|Any CPU.Build.0 = Debug|Any CPU
		{0A0DFF8E-AABB-4B55-A190-3A098FD2D8FD}.Release|Any CPU.ActiveCfg = Release|Any CPU
		{0A0DFF8E-AABB-4B55-A190-3A098FD2D8FD}.Release|Any CPU.Build.0 = Release|Any CPU
		{9E0BB82F-8C22-4432-B157-19CA4C024764}.Debug|Any CPU.ActiveCfg = Debug|Any CPU
		{9E0BB82F-8C22-4432-B157-19CA4C024764}.Debug|Any CPU.Build.0 = Debug|Any CPU
		{9E0BB82F-8C22-4432-B157-19CA4C024764}.Release|Any CPU.ActiveCfg = Release|Any CPU
		{9E0BB82F-8C22-4432-B157-19CA4C024764}.Release|Any CPU.Build.0 = Release|Any CPU
	EndGlobalSection
	GlobalSection(SolutionProperties) = preSolution
		HideSolutionNode = FALSE
	EndGlobalSection
	GlobalSection(ExtensibilityGlobals) = postSolution
		SolutionGuid = {783E9FB1-166F-4510-A7F9-A38A6A18B235}
	EndGlobalSection
EndGlobal
